// !$*UTF8*$!
{
	archiveVersion = 1;
	classes = {
	};
	objectVersion = 110;
	objects = {

/* Begin PBXBuildFile section */
		CE13596A3019482D00D752F9 /* AppIcon.icon in Resources */ = {isa = PBXBuildFile; fileRef = CE1359693019482D00D752F9 /* AppIcon.icon */; };
		CE259B02301668730051B648 /* MiniXiangqiCore.xcframework in Frameworks */ = {isa = PBXBuildFile; fileRef = CE259B01301668730051B648 /* MiniXiangqiCore.xcframework */; };
		CE259B06301668730051B648 /* libc++.tbd in Frameworks */ = {isa = PBXBuildFile; fileRef = CE259B05301668730051B648 /* libc++.tbd */; };
/* End PBXBuildFile section */

/* Begin PBXContainerItemProxy section */
		CE259A97301668730051B648 /* PBXContainerItemProxy */ = {
			isa = PBXContainerItemProxy;
			containerPortal = CE259A7F301668710051B648 /* Project object */;
			proxyType = 1;
			remoteGlobalIDString = CE259A86301668710051B648;
			remoteInfo = MiniXiangqi;
		};
		CE259AA1301668730051B648 /* PBXContainerItemProxy */ = {
			isa = PBXContainerItemProxy;
			containerPortal = CE259A7F301668710051B648 /* Project object */;
			proxyType = 1;
			remoteGlobalIDString = CE259A86301668710051B648;
			remoteInfo = MiniXiangqi;
		};
/* End PBXContainerItemProxy section */

/* Begin PBXFileReference section */
		CE1359693019482D00D752F9 /* AppIcon.icon */ = {isa = PBXFileReference; lastKnownFileType = folder.iconcomposer.icon; path = AppIcon.icon; sourceTree = "<group>"; };
		CE259A87301668710051B648 /* MiniXiangqi.app */ = {isa = PBXFileReference; explicitFileType = wrapper.application; includeInIndex = 0; path = MiniXiangqi.app; sourceTree = BUILT_PRODUCTS_DIR; };
		CE259A96301668730051B648 /* MiniXiangqiTests.xctest */ = {isa = PBXFileReference; explicitFileType = wrapper.cfbundle; includeInIndex = 0; path = MiniXiangqiTests.xctest; sourceTree = BUILT_PRODUCTS_DIR; };
		CE259AA0301668730051B648 /* MiniXiangqiUITests.xctest */ = {isa = PBXFileReference; explicitFileType = wrapper.cfbundle; includeInIndex = 0; path = MiniXiangqiUITests.xctest; sourceTree = BUILT_PRODUCTS_DIR; };
		CE259B01301668730051B648 /* MiniXiangqiCore.xcframework */ = {isa = PBXFileReference; expectedSignature = "AppleDeveloperProgram:Y2ZPV6SKBT:Kang Chen"; lastKnownFileType = wrapper.xcframework; name = MiniXiangqiCore.xcframework; path = Generated/MiniXiangqiCore.xcframework; sourceTree = "<group>"; };
		CE259B05301668730051B648 /* libc++.tbd */ = {isa = PBXFileReference; lastKnownFileType = "sourcecode.text-based-dylib-definition"; name = "libc++.tbd"; path = "usr/lib/libc++.tbd"; sourceTree = SDKROOT; };
/* End PBXFileReference section */

/* Begin PBXFileSystemSynchronizedRootGroup section */
		CE259A89301668710051B648 /* MiniXiangqi */ = {
			isa = PBXFileSystemSynchronizedRootGroup;
			path = MiniXiangqi;
			sourceTree = "<group>";
		};
		CE259A99301668730051B648 /* MiniXiangqiTests */ = {
			isa = PBXFileSystemSynchronizedRootGroup;
			path = MiniXiangqiTests;
			sourceTree = "<group>";
		};
		CE259AA3301668730051B648 /* MiniXiangqiUITests */ = {
			isa = PBXFileSystemSynchronizedRootGroup;
			path = MiniXiangqiUITests;
			sourceTree = "<group>";
		};
/* End PBXFileSystemSynchronizedRootGroup section */

/* Begin PBXFrameworksBuildPhase section */
		CE259A84301668710051B648 /* Frameworks */ = {
			isa = PBXFrameworksBuildPhase;
			files = (
				CE259B02301668730051B648 /* MiniXiangqiCore.xcframework in Frameworks */,
				CE259B06301668730051B648 /* libc++.tbd in Frameworks */,
			);
		};
		CE259A93301668730051B648 /* Frameworks */ = {
			isa = PBXFrameworksBuildPhase;
			files = (
			);
		};
		CE259A9D301668730051B648 /* Frameworks */ = {
			isa = PBXFrameworksBuildPhase;
			files = (
			);
		};
/* End PBXFrameworksBuildPhase section */

/* Begin PBXGroup section */
		CE259A7E301668710051B648 = {
			isa = PBXGroup;
			children = (
				CE1359693019482D00D752F9 /* AppIcon.icon */,
				CE259A89301668710051B648 /* MiniXiangqi */,
				CE259A99301668730051B648 /* MiniXiangqiTests */,
				CE259AA3301668730051B648 /* MiniXiangqiUITests */,
				CE259B04301668730051B648 /* Generated */,
				CE259A88301668710051B648 /* Products */,
			);
			sourceTree = "<group>";
		};
		CE259A88301668710051B648 /* Products */ = {
			isa = PBXGroup;
			children = (
				CE259A87301668710051B648 /* MiniXiangqi.app */,
				CE259A96301668730051B648 /* MiniXiangqiTests.xctest */,
				CE259AA0301668730051B648 /* MiniXiangqiUITests.xctest */,
			);
			name = Products;
			sourceTree = "<group>";
		};
		CE259B04301668730051B648 /* Generated */ = {
			isa = PBXGroup;
			children = (
				CE259B01301668730051B648 /* MiniXiangqiCore.xcframework */,
				CE259B05301668730051B648 /* libc++.tbd */,
			);
			name = Generated;
			sourceTree = "<group>";
		};
/* End PBXGroup section */

/* Begin PBXNativeTarget section */
		CE259A86301668710051B648 /* MiniXiangqi */ = {
			isa = PBXNativeTarget;
			buildConfigurationList = CE259AA8301668730051B648 /* Build configuration list for PBXNativeTarget "MiniXiangqi" */;
			buildPhases = (
				CE259B20301668730051B648 /* Check the shared core is current */,
				CE259A83301668710051B648 /* Sources */,
				CE259A84301668710051B648 /* Frameworks */,
				CE259A85301668710051B648 /* Resources */,
			);
			buildRules = (
			);
			fileSystemSynchronizedGroups = (
				CE259A89301668710051B648 /* MiniXiangqi */,
			);
			name = MiniXiangqi;
			productName = MiniXiangqi;
			productReference = CE259A87301668710051B648 /* MiniXiangqi.app */;
			productType = "com.apple.product-type.application";
		};
		CE259A95301668730051B648 /* MiniXiangqiTests */ = {
			isa = PBXNativeTarget;
			buildConfigurationList = CE259AAB301668730051B648 /* Build configuration list for PBXNativeTarget "MiniXiangqiTests" */;
			buildPhases = (
				CE259A92301668730051B648 /* Sources */,
				CE259A93301668730051B648 /* Frameworks */,
				CE259A94301668730051B648 /* Resources */,
			);
			buildRules = (
			);
			dependencies = (
				CE259A98301668730051B648 /* PBXTargetDependency */,
			);
			fileSystemSynchronizedGroups = (
				CE259A99301668730051B648 /* MiniXiangqiTests */,
			);
			name = MiniXiangqiTests;
			productName = MiniXiangqiTests;
			productReference = CE259A96301668730051B648 /* MiniXiangqiTests.xctest */;
			productType = "com.apple.product-type.bundle.unit-test";
		};
		CE259A9F301668730051B648 /* MiniXiangqiUITests */ = {
			isa = PBXNativeTarget;
			buildConfigurationList = CE259AAE301668730051B648 /* Build configuration list for PBXNativeTarget "MiniXiangqiUITests" */;
			buildPhases = (
				CE259A9C301668730051B648 /* Sources */,
				CE259A9D301668730051B648 /* Frameworks */,
				CE259A9E301668730051B648 /* Resources */,
			);
			buildRules = (
			);
			dependencies = (
				CE259AA2301668730051B648 /* PBXTargetDependency */,
			);
			fileSystemSynchronizedGroups = (
				CE259AA3301668730051B648 /* MiniXiangqiUITests */,
			);
			name = MiniXiangqiUITests;
			productName = MiniXiangqiUITests;
			productReference = CE259AA0301668730051B648 /* MiniXiangqiUITests.xctest */;
			productType = "com.apple.product-type.bundle.ui-testing";
		};
/* End PBXNativeTarget section */

/* Begin PBXProject section */
		CE259A7F301668710051B648 /* Project object */ = {
			isa = PBXProject;
			attributes = {
				BuildIndependentTargetsInParallel = 1;
				LastSwiftUpdateCheck = 2700;
				LastUpgradeCheck = 2700;
				TargetAttributes = {
					CE259A86301668710051B648 = {
						CreatedOnToolsVersion = 27.0;
					};
					CE259A95301668730051B648 = {
						CreatedOnToolsVersion = 27.0;
						TestTargetID = CE259A86301668710051B648;
					};
					CE259A9F301668730051B648 = {
						CreatedOnToolsVersion = 27.0;
						TestTargetID = CE259A86301668710051B648;
					};
				};
			};
			buildConfigurationList = CE259A82301668710051B648 /* Build configuration list for PBXProject "MiniXiangqi" */;
			developmentRegion = en;
			hasScannedForEncodings = 0;
			knownRegions = (
				en,
				Base,
				"zh-Hans",
			);
			mainGroup = CE259A7E301668710051B648;
			minimizedProjectReferenceProxies = 1;
			preferredProjectObjectVersion = 77;
			productRefGroup = CE259A88301668710051B648 /* Products */;
			projectDirPath = "";
			projectRoot = "";
			targets = (
				CE259A86301668710051B648 /* MiniXiangqi */,
				CE259A95301668730051B648 /* MiniXiangqiTests */,
				CE259A9F301668730051B648 /* MiniXiangqiUITests */,
			);
		};
/* End PBXProject section */

/* Begin PBXResourcesBuildPhase section */
		CE259A85301668710051B648 /* Resources */ = {
			isa = PBXResourcesBuildPhase;
			files = (
				CE13596A3019482D00D752F9 /* AppIcon.icon in Resources */,
			);
		};
		CE259A94301668730051B648 /* Resources */ = {
			isa = PBXResourcesBuildPhase;
			files = (
			);
		};
		CE259A9E301668730051B648 /* Resources */ = {
			isa = PBXResourcesBuildPhase;
			files = (
			);
		};
/* End PBXResourcesBuildPhase section */

/* Begin PBXShellScriptBuildPhase section */
		CE259B20301668730051B648 /* Check the shared core is current */ = {
			isa = PBXShellScriptBuildPhase;
			alwaysOutOfDate = 1;
			name = "Check the shared core is current";
			shellPath = /bin/sh;
			shellScript = (
				"\"$PROJECT_DIR/check-core-is-current.sh\"",
				"",
			);
		};
/* End PBXShellScriptBuildPhase section */

/* Begin PBXSourcesBuildPhase section */
		CE259A83301668710051B648 /* Sources */ = {
			isa = PBXSourcesBuildPhase;
			files = (
			);
		};
		CE259A92301668730051B648 /* Sources */ = {
			isa = PBXSourcesBuildPhase;
			files = (
			);
		};
		CE259A9C301668730051B648 /* Sources */ = {
			isa = PBXSourcesBuildPhase;
			files = (
			);
		};
/* End PBXSourcesBuildPhase section */

/* Begin PBXTargetDependency section */
		CE259A98301668730051B648 /* PBXTargetDependency */ = {
			isa = PBXTargetDependency;
			target = CE259A86301668710051B648 /* MiniXiangqi */;
			targetProxy = CE259A97301668730051B648 /* PBXContainerItemProxy */;
		};
		CE259AA2301668730051B648 /* PBXTargetDependency */ = {
			isa = PBXTargetDependency;
			target = CE259A86301668710051B648 /* MiniXiangqi */;
			targetProxy = CE259AA1301668730051B648 /* PBXContainerItemProxy */;
		};
/* End PBXTargetDependency section */

/* Begin XCBuildConfiguration section */
		CE259AA6301668730051B648 /* Debug configuration for PBXProject "MiniXiangqi" */ = {
			isa = XCBuildConfiguration;
			buildSettings = {
				ALWAYS_SEARCH_USER_PATHS = NO;
				ASSETCATALOG_COMPILER_GENERATE_SWIFT_ASSET_SYMBOL_EXTENSIONS = YES;
				CLANG_ANALYZER_NONNULL = YES;
				CLANG_ANALYZER_NUMBER_OBJECT_CONVERSION = YES_AGGRESSIVE;
				CLANG_CXX_LANGUAGE_STANDARD = "gnu++20";
				CLANG_ENABLE_MODULES = YES;
				CLANG_ENABLE_OBJC_ARC = YES;
				CLANG_ENABLE_OBJC_WEAK = YES;
				CLANG_WARN_BLOCK_CAPTURE_AUTORELEASING = YES;
				CLANG_WARN_BOOL_CONVERSION = YES;
				CLANG_WARN_COMMA = YES;
				CLANG_WARN_CONSTANT_CONVERSION = YES;
				CLANG_WARN_DEPRECATED_OBJC_IMPLEMENTATIONS = YES;
				CLANG_WARN_DIRECT_OBJC_ISA_USAGE = YES_ERROR;
				CLANG_WARN_DOCUMENTATION_COMMENTS = YES;
				CLANG_WARN_EMPTY_BODY = YES;
				CLANG_WARN_ENUM_CONVERSION = YES;
				CLANG_WARN_INFINITE_RECURSION = YES;
				CLANG_WARN_INT_CONVERSION = YES;
				CLANG_WARN_NON_LITERAL_NULL_CONVERSION = YES;
				CLANG_WARN_OBJC_IMPLICIT_RETAIN_SELF = YES;
				CLANG_WARN_OBJC_LITERAL_CONVERSION = YES;
				CLANG_WARN_OBJC_ROOT_CLASS = YES_ERROR;
				CLANG_WARN_QUOTED_INCLUDE_IN_FRAMEWORK_HEADER = YES;
				CLANG_WARN_RANGE_LOOP_ANALYSIS = YES;
				CLANG_WARN_STRICT_PROTOTYPES = YES;
				CLANG_WARN_SUSPICIOUS_MOVE = YES;
				CLANG_WARN_UNGUARDED_AVAILABILITY = YES_AGGRESSIVE;
				CLANG_WARN_UNREACHABLE_CODE = YES;
				CLANG_WARN__DUPLICATE_METHOD_MATCH = YES;
				COPY_PHASE_STRIP = NO;
				DEBUG_INFORMATION_FORMAT = dwarf;
				DEVELOPMENT_TEAM = 7P9PPXP2SF;
				ENABLE_STRICT_OBJC_MSGSEND = YES;
				ENABLE_TESTABILITY = YES;
				ENABLE_USER_SCRIPT_SANDBOXING = YES;
				GCC_C_LANGUAGE_STANDARD = gnu17;
				GCC_DYNAMIC_NO_PIC = NO;
				GCC_NO_COMMON_BLOCKS = YES;
				GCC_OPTIMIZATION_LEVEL = 0;
				GCC_PREPROCESSOR_DEFINITIONS = (
					"DEBUG=1",
					"$(inherited)",
				);
				GCC_WARN_64_TO_32_BIT_CONVERSION = YES;
				GCC_WARN_ABOUT_RETURN_TYPE = YES_ERROR;
				GCC_WARN_UNDECLARED_SELECTOR = YES;
				GCC_WARN_UNINITIALIZED_AUTOS = YES_AGGRESSIVE;
				GCC_WARN_UNUSED_FUNCTION = YES;
				GCC_WARN_UNUSED_VARIABLE = YES;
				LOCALIZATION_PREFERS_STRING_CATALOGS = YES;
				MTL_ENABLE_DEBUG_INFO = INCLUDE_SOURCE;
				MTL_FAST_MATH = YES;
				ONLY_ACTIVE_ARCH = YES;
				SWIFT_ACTIVE_COMPILATION_CONDITIONS = "DEBUG $(inherited)";
				SWIFT_OPTIMIZATION_LEVEL = "-Onone";
			};
			name = Debug;
		};
		CE259AA7301668730051B648 /* Release configuration for PBXProject "MiniXiangqi" */ = {
			isa = XCBuildConfiguration;
			buildSettings = {
				ALWAYS_SEARCH_USER_PATHS = NO;
				ASSETCATALOG_COMPILER_GENERATE_SWIFT_ASSET_SYMBOL_EXTENSIONS = YES;
				CLANG_ANALYZER_NONNULL = YES;
				CLANG_ANALYZER_NUMBER_OBJECT_CONVERSION = YES_AGGRESSIVE;
				CLANG_CXX_LANGUAGE_STANDARD = "gnu++20";
				CLANG_ENABLE_MODULES = YES;
				CLANG_ENABLE_OBJC_ARC = YES;
				CLANG_ENABLE_OBJC_WEAK = YES;
				CLANG_WARN_BLOCK_CAPTURE_AUTORELEASING = YES;
				CLANG_WARN_BOOL_CONVERSION = YES;
				CLANG_WARN_COMMA = YES;
				CLANG_WARN_CONSTANT_CONVERSION = YES;
				CLANG_WARN_DEPRECATED_OBJC_IMPLEMENTATIONS = YES;
				CLANG_WARN_DIRECT_OBJC_ISA_USAGE = YES_ERROR;
				CLANG_WARN_DOCUMENTATION_COMMENTS = YES;
				CLANG_WARN_EMPTY_BODY = YES;
				CLANG_WARN_ENUM_CONVERSION = YES;
				CLANG_WARN_INFINITE_RECURSION = YES;
				CLANG_WARN_INT_CONVERSION = YES;
				CLANG_WARN_NON_LITERAL_NULL_CONVERSION = YES;
				CLANG_WARN_OBJC_IMPLICIT_RETAIN_SELF = YES;
				CLANG_WARN_OBJC_LITERAL_CONVERSION = YES;
				CLANG_WARN_OBJC_ROOT_CLASS = YES_ERROR;
				CLANG_WARN_QUOTED_INCLUDE_IN_FRAMEWORK_HEADER = YES;
				CLANG_WARN_RANGE_LOOP_ANALYSIS = YES;
				CLANG_WARN_STRICT_PROTOTYPES = YES;
				CLANG_WARN_SUSPICIOUS_MOVE = YES;
				CLANG_WARN_UNGUARDED_AVAILABILITY = YES_AGGRESSIVE;
				CLANG_WARN_UNREACHABLE_CODE = YES;
				CLANG_WARN__DUPLICATE_METHOD_MATCH = YES;
				COPY_PHASE_STRIP = NO;
				DEBUG_INFORMATION_FORMAT = "dwarf-with-dsym";
				DEVELOPMENT_TEAM = 7P9PPXP2SF;
				ENABLE_NS_ASSERTIONS = NO;
				ENABLE_STRICT_OBJC_MSGSEND = YES;
				ENABLE_USER_SCRIPT_SANDBOXING = YES;
				GCC_C_LANGUAGE_STANDARD = gnu17;
				GCC_NO_COMMON_BLOCKS = YES;
				GCC_WARN_64_TO_32_BIT_CONVERSION = YES;
				GCC_WARN_ABOUT_RETURN_TYPE = YES_ERROR;
				GCC_WARN_UNDECLARED_SELECTOR = YES;
				GCC_WARN_UNINITIALIZED_AUTOS = YES_AGGRESSIVE;
				GCC_WARN_UNUSED_FUNCTION = YES;
				GCC_WARN_UNUSED_VARIABLE = YES;
				LOCALIZATION_PREFERS_STRING_CATALOGS = YES;
				MTL_ENABLE_DEBUG_INFO = NO;
				MTL_FAST_MATH = YES;
				SWIFT_COMPILATION_MODE = wholemodule;
			};
			name = Release;
		};
		CE259AA9301668730051B648 /* Debug configuration for PBXNativeTarget "MiniXiangqi" */ = {
			isa = XCBuildConfiguration;
			buildSettings = {
				"ARCHS[sdk=iphoneos*]" = (
					arm64,
					arm64e,
				);
				ASSETCATALOG_COMPILER_APPICON_NAME = AppIcon;
				ASSETCATALOG_COMPILER_GLOBAL_ACCENT_COLOR_NAME = AccentColor;
				CLANG_CXX_LANGUAGE_STANDARD = "gnu++23";
				CODE_SIGN_ENTITLEMENTS = MiniXiangqi/MiniXiangqi.entitlements;
				CODE_SIGN_STYLE = Automatic;
				CURRENT_PROJECT_VERSION = 3;
				DEVELOPMENT_TEAM = 7P9PPXP2SF;
				ENABLE_APP_SANDBOX = YES;
				ENABLE_ENHANCED_SECURITY = YES;
				ENABLE_HARDENED_RUNTIME = YES;
				ENABLE_PREVIEWS = YES;
				ENABLE_USER_SCRIPT_SANDBOXING = NO;
				ENABLE_USER_SELECTED_FILES = readonly;
				EXCLUDED_ARCHS = x86_64;
				GCC_C_LANGUAGE_STANDARD = gnu23;
				GENERATE_INFOPLIST_FILE = YES;
				INFOPLIST_KEY_CFBundleDisplayName = "Mini Xiangqi";
				INFOPLIST_KEY_ITSAppUsesNonExemptEncryption = NO;
				INFOPLIST_KEY_LSApplicationCategoryType = "public.app-category.board-games";
				"INFOPLIST_KEY_UIApplicationSceneManifest_Generation[sdk=iphoneos*]" = YES;
				"INFOPLIST_KEY_UIApplicationSceneManifest_Generation[sdk=iphonesimulator*]" = YES;
				"INFOPLIST_KEY_UIApplicationSupportsIndirectInputEvents[sdk=iphoneos*]" = YES;
				"INFOPLIST_KEY_UIApplicationSupportsIndirectInputEvents[sdk=iphonesimulator*]" = YES;
				"INFOPLIST_KEY_UILaunchScreen_Generation[sdk=iphoneos*]" = YES;
				"INFOPLIST_KEY_UILaunchScreen_Generation[sdk=iphonesimulator*]" = YES;
				"INFOPLIST_KEY_UIStatusBarStyle[sdk=iphoneos*]" = UIStatusBarStyleDefault;
				"INFOPLIST_KEY_UIStatusBarStyle[sdk=iphonesimulator*]" = UIStatusBarStyleDefault;
				INFOPLIST_KEY_UISupportedInterfaceOrientations_iPad = "UIInterfaceOrientationPortrait UIInterfaceOrientationPortraitUpsideDown UIInterfaceOrientationLandscapeLeft UIInterfaceOrientationLandscapeRight";
				INFOPLIST_KEY_UISupportedInterfaceOrientations_iPhone = "UIInterfaceOrientationPortrait UIInterfaceOrientationLandscapeLeft UIInterfaceOrientationLandscapeRight";
				IPHONEOS_DEPLOYMENT_TARGET = 26.5;
				LD_RUNPATH_SEARCH_PATHS = "@executable_path/Frameworks";
				"LD_RUNPATH_SEARCH_PATHS[sdk=macosx*]" = "@executable_path/../Frameworks";
				MACOSX_DEPLOYMENT_TARGET = 26.5;
				MARKETING_VERSION = 1.1;
				PRODUCT_BUNDLE_IDENTIFIER = com.chentianren.MiniXiangqi;
				PRODUCT_NAME = "$(TARGET_NAME)";
				REGISTER_APP_GROUPS = YES;
				SDKROOT = auto;
				STRING_CATALOG_GENERATE_SYMBOLS = YES;
				SUPPORTED_PLATFORMS = "iphoneos iphonesimulator macosx";
				SWIFT_APPROACHABLE_CONCURRENCY = YES;
				SWIFT_DEFAULT_ACTOR_ISOLATION = MainActor;
				SWIFT_EMIT_LOC_STRINGS = YES;
				SWIFT_UPCOMING_FEATURE_MEMBER_IMPORT_VISIBILITY = YES;
				SWIFT_VERSION = 6.0;
				TARGETED_DEVICE_FAMILY = "1,2";
			};
			name = Debug;
		};
		CE259AAA301668730051B648 /* Release configuration for PBXNativeTarget "MiniXiangqi" */ = {
			isa = XCBuildConfiguration;
			buildSettings = {
				"ARCHS[sdk=iphoneos*]" = (
					arm64,
					arm64e,
				);
				ASSETCATALOG_COMPILER_APPICON_NAME = AppIcon;
				ASSETCATALOG_COMPILER_GLOBAL_ACCENT_COLOR_NAME = AccentColor;
				CLANG_CXX_LANGUAGE_STANDARD = "gnu++23";
				CODE_SIGN_ENTITLEMENTS = MiniXiangqi/MiniXiangqi.entitlements;
				CODE_SIGN_STYLE = Automatic;
				CURRENT_PROJECT_VERSION = 3;
				DEVELOPMENT_TEAM = 7P9PPXP2SF;
				ENABLE_APP_SANDBOX = YES;
				ENABLE_ENHANCED_SECURITY = YES;
				ENABLE_HARDENED_RUNTIME = YES;
				ENABLE_PREVIEWS = YES;
				ENABLE_USER_SCRIPT_SANDBOXING = NO;
				ENABLE_USER_SELECTED_FILES = readonly;
				EXCLUDED_ARCHS = x86_64;
				GCC_C_LANGUAGE_STANDARD = gnu23;
				GENERATE_INFOPLIST_FILE = YES;
				INFOPLIST_KEY_CFBundleDisplayName = "Mini Xiangqi";
				INFOPLIST_KEY_ITSAppUsesNonExemptEncryption = NO;
				INFOPLIST_KEY_LSApplicationCategoryType = "public.app-category.board-games";
				"INFOPLIST_KEY_UIApplicationSceneManifest_Generation[sdk=iphoneos*]" = YES;
				"INFOPLIST_KEY_UIApplicationSceneManifest_Generation[sdk=iphonesimulator*]" = YES;
				"INFOPLIST_KEY_UIApplicationSupportsIndirectInputEvents[sdk=iphoneos*]" = YES;
				"INFOPLIST_KEY_UIApplicationSupportsIndirectInputEvents[sdk=iphonesimulator*]" = YES;
				"INFOPLIST_KEY_UILaunchScreen_Generation[sdk=iphoneos*]" = YES;
				"INFOPLIST_KEY_UILaunchScreen_Generation[sdk=iphonesimulator*]" = YES;
				"INFOPLIST_KEY_UIStatusBarStyle[sdk=iphoneos*]" = UIStatusBarStyleDefault;
				"INFOPLIST_KEY_UIStatusBarStyle[sdk=iphonesimulator*]" = UIStatusBarStyleDefault;
				INFOPLIST_KEY_UISupportedInterfaceOrientations_iPad = "UIInterfaceOrientationPortrait UIInterfaceOrientationPortraitUpsideDown UIInterfaceOrientationLandscapeLeft UIInterfaceOrientationLandscapeRight";
				INFOPLIST_KEY_UISupportedInterfaceOrientations_iPhone = "UIInterfaceOrientationPortrait UIInterfaceOrientationLandscapeLeft UIInterfaceOrientationLandscapeRight";
				IPHONEOS_DEPLOYMENT_TARGET = 26.5;
				LD_RUNPATH_SEARCH_PATHS = "@executable_path/Frameworks";
				"LD_RUNPATH_SEARCH_PATHS[sdk=macosx*]" = "@executable_path/../Frameworks";
				MACOSX_DEPLOYMENT_TARGET = 26.5;
				MARKETING_VERSION = 1.1;
				PRODUCT_BUNDLE_IDENTIFIER = com.chentianren.MiniXiangqi;
				PRODUCT_NAME = "$(TARGET_NAME)";
				REGISTER_APP_GROUPS = YES;
				SDKROOT = auto;
				STRING_CATALOG_GENERATE_SYMBOLS = YES;
				SUPPORTED_PLATFORMS = "iphoneos iphonesimulator macosx";
				SWIFT_APPROACHABLE_CONCURRENCY = YES;
				SWIFT_DEFAULT_ACTOR_ISOLATION = MainActor;
				SWIFT_EMIT_LOC_STRINGS = YES;
				SWIFT_UPCOMING_FEATURE_MEMBER_IMPORT_VISIBILITY = YES;
				SWIFT_VERSION = 6.0;
				TARGETED_DEVICE_FAMILY = "1,2";
			};
			name = Release;
		};
		CE259AAC301668730051B648 /* Debug configuration for PBXNativeTarget "MiniXiangqiTests" */ = {
			isa = XCBuildConfiguration;
			buildSettings = {
				"ARCHS[sdk=macosx*]" = arm64e;
				BUNDLE_LOADER = "$(TEST_HOST)";
				CODE_SIGN_STYLE = Automatic;
				CURRENT_PROJECT_VERSION = 1;
				DEVELOPMENT_TEAM = 7P9PPXP2SF;
				GENERATE_INFOPLIST_FILE = YES;
				IPHONEOS_DEPLOYMENT_TARGET = 26.5;
				MACOSX_DEPLOYMENT_TARGET = 26.5;
				MARKETING_VERSION = 1.0;
				PRODUCT_BUNDLE_IDENTIFIER = com.chentianren.MiniXiangqiTests;
				PRODUCT_NAME = "$(TARGET_NAME)";
				SDKROOT = auto;
				STRING_CATALOG_GENERATE_SYMBOLS = NO;
				/* macOS-only until Stage 6 brings iOS testing: the app is
				   multi-platform, but a test bundle an iOS destination tries to
				   index against the phone answers questions Stage 6 owns. */
				SUPPORTED_PLATFORMS = macosx;
				SWIFT_APPROACHABLE_CONCURRENCY = YES;
				SWIFT_EMIT_LOC_STRINGS = NO;
				SWIFT_UPCOMING_FEATURE_MEMBER_IMPORT_VISIBILITY = YES;
				SWIFT_VERSION = 6.0;
				TARGETED_DEVICE_FAMILY = "1,2";
				TEST_HOST = "$(BUILT_PRODUCTS_DIR)/MiniXiangqi.app/$(BUNDLE_EXECUTABLE_FOLDER_PATH)/MiniXiangqi";
			};
			name = Debug;
		};
		CE259AAD301668730051B648 /* Release configuration for PBXNativeTarget "MiniXiangqiTests" */ = {
			isa = XCBuildConfiguration;
			buildSettings = {
				"ARCHS[sdk=macosx*]" = arm64e;
				BUNDLE_LOADER = "$(TEST_HOST)";
				CODE_SIGN_STYLE = Automatic;
				CURRENT_PROJECT_VERSION = 1;
				DEVELOPMENT_TEAM = 7P9PPXP2SF;
				GENERATE_INFOPLIST_FILE = YES;
				IPHONEOS_DEPLOYMENT_TARGET = 26.5;
				MACOSX_DEPLOYMENT_TARGET = 26.5;
				MARKETING_VERSION = 1.0;
				PRODUCT_BUNDLE_IDENTIFIER = com.chentianren.MiniXiangqiTests;
				PRODUCT_NAME = "$(TARGET_NAME)";
				SDKROOT = auto;
				STRING_CATALOG_GENERATE_SYMBOLS = NO;
				/* macOS-only until Stage 6 brings iOS testing: the app is
				   multi-platform, but a test bundle an iOS destination tries to
				   index against the phone answers questions Stage 6 owns. */
				SUPPORTED_PLATFORMS = macosx;
				SWIFT_APPROACHABLE_CONCURRENCY = YES;
				SWIFT_EMIT_LOC_STRINGS = NO;
				SWIFT_UPCOMING_FEATURE_MEMBER_IMPORT_VISIBILITY = YES;
				SWIFT_VERSION = 6.0;
				TARGETED_DEVICE_FAMILY = "1,2";
				TEST_HOST = "$(BUILT_PRODUCTS_DIR)/MiniXiangqi.app/$(BUNDLE_EXECUTABLE_FOLDER_PATH)/MiniXiangqi";
			};
			name = Release;
		};
		CE259AAF301668730051B648 /* Debug configuration for PBXNativeTarget "MiniXiangqiUITests" */ = {
			isa = XCBuildConfiguration;
			buildSettings = {
				CODE_SIGN_STYLE = Automatic;
				CURRENT_PROJECT_VERSION = 1;
				DEVELOPMENT_TEAM = 7P9PPXP2SF;
				GENERATE_INFOPLIST_FILE = YES;
				IPHONEOS_DEPLOYMENT_TARGET = 26.5;
				MACOSX_DEPLOYMENT_TARGET = 26.5;
				MARKETING_VERSION = 1.0;
				PRODUCT_BUNDLE_IDENTIFIER = com.chentianren.MiniXiangqiUITests;
				PRODUCT_NAME = "$(TARGET_NAME)";
				SDKROOT = auto;
				STRING_CATALOG_GENERATE_SYMBOLS = NO;
				/* macOS-only until Stage 6 brings iOS testing: the app is
				   multi-platform, but a test bundle an iOS destination tries to
				   index against the phone answers questions Stage 6 owns. */
				SUPPORTED_PLATFORMS = macosx;
				SWIFT_APPROACHABLE_CONCURRENCY = YES;
				SWIFT_EMIT_LOC_STRINGS = NO;
				SWIFT_UPCOMING_FEATURE_MEMBER_IMPORT_VISIBILITY = YES;
				SWIFT_VERSION = 6.0;
				TARGETED_DEVICE_FAMILY = "1,2";
				TEST_TARGET_NAME = MiniXiangqi;
			};
			name = Debug;
		};
		CE259AB0301668730051B648 /* Release configuration for PBXNativeTarget "MiniXiangqiUITests" */ = {
			isa = XCBuildConfiguration;
			buildSettings = {
				CODE_SIGN_STYLE = Automatic;
				CURRENT_PROJECT_VERSION = 1;
				DEVELOPMENT_TEAM = 7P9PPXP2SF;
				GENERATE_INFOPLIST_FILE = YES;
				IPHONEOS_DEPLOYMENT_TARGET = 26.5;
				MACOSX_DEPLOYMENT_TARGET = 26.5;
				MARKETING_VERSION = 1.0;
				PRODUCT_BUNDLE_IDENTIFIER = com.chentianren.MiniXiangqiUITests;
				PRODUCT_NAME = "$(TARGET_NAME)";
				SDKROOT = auto;
				STRING_CATALOG_GENERATE_SYMBOLS = NO;
				/* macOS-only until Stage 6 brings iOS testing: the app is
				   multi-platform, but a test bundle an iOS destination tries to
				   index against the phone answers questions Stage 6 owns. */
				SUPPORTED_PLATFORMS = macosx;
				SWIFT_APPROACHABLE_CONCURRENCY = YES;
				SWIFT_EMIT_LOC_STRINGS = NO;
				SWIFT_UPCOMING_FEATURE_MEMBER_IMPORT_VISIBILITY = YES;
				SWIFT_VERSION = 6.0;
				TARGETED_DEVICE_FAMILY = "1,2";
				TEST_TARGET_NAME = MiniXiangqi;
			};
			name = Release;
		};
/* End XCBuildConfiguration section */

/* Begin XCConfigurationList section */
		CE259A82301668710051B648 /* Build configuration list for PBXProject "MiniXiangqi" */ = {
			isa = XCConfigurationList;
			buildConfigurations = (
				CE259AA6301668730051B648 /* Debug configuration for PBXProject "MiniXiangqi" */,
				CE259AA7301668730051B648 /* Release configuration for PBXProject "MiniXiangqi" */,
			);
			defaultConfigurationName = Release;
		};
		CE259AA8301668730051B648 /* Build configuration list for PBXNativeTarget "MiniXiangqi" */ = {
			isa = XCConfigurationList;
			buildConfigurations = (
				CE259AA9301668730051B648 /* Debug configuration for PBXNativeTarget "MiniXiangqi" */,
				CE259AAA301668730051B648 /* Release configuration for PBXNativeTarget "MiniXiangqi" */,
			);
			defaultConfigurationName = Release;
		};
		CE259AAB301668730051B648 /* Build configuration list for PBXNativeTarget "MiniXiangqiTests" */ = {
			isa = XCConfigurationList;
			buildConfigurations = (
				CE259AAC301668730051B648 /* Debug configuration for PBXNativeTarget "MiniXiangqiTests" */,
				CE259AAD301668730051B648 /* Release configuration for PBXNativeTarget "MiniXiangqiTests" */,
			);
			defaultConfigurationName = Release;
		};
		CE259AAE301668730051B648 /* Build configuration list for PBXNativeTarget "MiniXiangqiUITests" */ = {
			isa = XCConfigurationList;
			buildConfigurations = (
				CE259AAF301668730051B648 /* Debug configuration for PBXNativeTarget "MiniXiangqiUITests" */,
				CE259AB0301668730051B648 /* Release configuration for PBXNativeTarget "MiniXiangqiUITests" */,
			);
			defaultConfigurationName = Release;
		};
/* End XCConfigurationList section */
	};
	rootObject = CE259A7F301668710051B648 /* Project object */;
	validationLevel = 1;
}
